
Microsoft Visual Studio Solution File, Format Version 12.00
# Visual Studio 15
VisualStudioVersion = 15.0.26430.16
MinimumVisualStudioVersion = 10.0.40219.1
Project("{FAE04EC0-301F-11D3-BF4B-00C04F79EFBC}") = "FacelessBrowserTT", "FacelessBrowserTT\FacelessBrowserTT.csproj", "{1D250540-EDDA-42F6-A693-5885FBBF6B29}"
EndProject
Project("{FAE04EC0-301F-11D3-BF4B-00C04F79EFBC}") = "ImageModification", "ImageModification\ImageModification.csproj", "{DF0BC78A-80CD-4031-9137-66B8D87F5A56}"
EndProject
Project("{FAE04EC0-301F-11D3-BF4B-00C04F79EFBC}") = "SuperfastBlur", "SuperfastBlur\SuperfastBlur.csproj", "{AF1FA98E-A371-4B53-9F20-B7DD19DF9589}"
EndProject
Project("{FAE04EC0-301F-11D3-BF4B-00C04F79EFBC}") = "FaceDetection", "FaceDetection\FaceDetection.csproj", "{8873C16F-E6BC-493B-838E-65608CFE3152}"
EndProject
Global
	GlobalSection(SolutionConfigurationPlatforms) = preSolution
		Debug|Any CPU = Debug|Any CPU
		Debug|x64 = Debug|x64
		Release|Any CPU = Release|Any CPU
		Release|x64 = Release|x64
	EndGlobalSection
	GlobalSection(ProjectConfigurationPlatforms) = postSolution
		{1D250540-EDDA-42F6-A693-5885FBBF6B29}.Debug|Any CPU.ActiveCfg = Debug|Any CPU
		{1D250540-EDDA-42F6-A693-5885FBBF6B29}.Debug|Any CPU.Build.0 = Debug|Any CPU
		{1D250540-EDDA-42F6-A693-5885FBBF6B29}.Debug|x64.ActiveCfg = Debug|x64
		{1D250540-EDDA-42F6-A693-5885FBBF6B29}.Debug|x64.Build.0 = Debug|x64
		{1D250540-EDDA-42F6-A693-5885FBBF6B29}.Release|Any CPU.ActiveCfg = Release|Any CPU
		{1D250540-EDDA-42F6-A693-5885FBBF6B29}.Release|Any CPU.Build.0 = Release|Any CPU
		{1D250540-EDDA-42F6-A693-5885FBBF6B29}.Release|x64.ActiveCfg = Release|x64
		{1D250540-EDDA-42F6-A693-5885FBBF6B29}.Release|x64.Build.0 = Release|x64
		{DF0BC78A-80CD-4031-9137-66B8D87F5A56}.Debug|Any CPU.ActiveCfg = Debug|Any CPU
		{DF0BC78A-80CD-4031-9137-66B8D87F5A56}.Debug|Any CPU.Build.0 = Debug|Any CPU
		{DF0BC78A-80CD-4031-9137-66B8D87F5A56}.Debug|x64.ActiveCfg = Debug|x64
		{DF0BC78A-80CD-4031-9137-66B8D87F5A56}.Debug|x64.Build.0 = Debug|x64
		{DF0BC78A-80CD-4031-9137-66B8D87F5A56}.Release|Any CPU.ActiveCfg = Release|Any CPU
		{DF0BC78A-80CD-4031-9137-66B8D87F5A56}.Release|Any CPU.Build.0 = Release|Any CPU
		{DF0BC78A-80CD-4031-9137-66B8D87F5A56}.Release|x64.ActiveCfg = Release|Any CPU
		{DF0BC78A-80CD-4031-9137-66B8D87F5A56}.Release|x64.Build.0 = Release|Any CPU
		{AF1FA98E-A371-4B53-9F20-B7DD19DF9589}.Debug|Any CPU.ActiveCfg = Debug|Any CPU
		{AF1FA98E-A371-4B53-9F20-B7DD19DF9589}.Debug|Any CPU.Build.0 = Debug|Any CPU
		{AF1FA98E-A371-4B53-9F20-B7DD19DF9589}.Debug|x64.ActiveCfg = Debug|x64
		{AF1FA98E-A371-4B53-9F20-B7DD19DF9589}.Debug|x64.Build.0 = Debug|x64
		{AF1FA98E-A371-4B53-9F20-B7DD19DF9589}.Release|Any CPU.ActiveCfg = Release|Any CPU
		{AF1FA98E-A371-4B53-9F20-B7DD19DF9589}.Release|Any CPU.Build.0 = Release|Any CPU
		{AF1FA98E-A371-4B53-9F20-B7DD19DF9589}.Release|x64.ActiveCfg = Release|Any CPU
		{AF1FA98E-A371-4B53-9F20-B7DD19DF9589}.Release|x64.Build.0 = Release|Any CPU
		{8873C16F-E6BC-493B-838E-65608CFE3152}.Debug|Any CPU.ActiveCfg = Debug|Any CPU
		{8873C16F-E6BC-493B-838E-65608CFE3152}.Debug|Any CPU.Build.0 = Debug|Any CPU
		{8873C16F-E6BC-493B-838E-65608CFE3152}.Debug|x64.ActiveCfg = Debug|x64
		{8873C16F-E6BC-493B-838E-65608CFE3152}.Debug|x64.Build.0 = Debug|x64
		{8873C16F-E6BC-493B-838E-65608CFE3152}.Release|Any CPU.ActiveCfg = Release|Any CPU
		{8873C16F-E6BC-493B-838E-65608CFE3152}.Release|Any CPU.Build.0 = Release|Any CPU
		{8873C16F-E6BC-493B-838E-65608CFE3152}.Release|x64.ActiveCfg = Release|Any CPU
		{8873C16F-E6BC-493B-838E-65608CFE3152}.Release|x64.Build.0 = Release|Any CPU
	EndGlobalSection
	GlobalSection(SolutionProperties) = preSolution
		HideSolutionNode = FALSE
	EndGlobalSection
EndGlobal
